// !$*UTF8*$!
{
	archiveVersion = 1;
	classes = {
	};
	objectVersion = 48;
	objects = {

/* Begin PBXBuildFile section */
		9F1D1C262046C4CF00EE9AEE /* OrionImageViewer.m in Sources */ = {isa = PBXBuildFile; fileRef = 9F1D1C252046C4CF00EE9AEE /* OrionImageViewer.m */; };
		9F32FBAC203D65FB0059D20E /* AppDelegate.swift in Sources */ = {isa = PBXBuildFile; fileRef = 9F32FBAB203D65FB0059D20E /* AppDelegate.swift */; };
		9F32FBAE203D65FB0059D20E /* ViewController.swift in Sources */ = {isa = PBXBuildFile; fileRef = 9F32FBAD203D65FB0059D20E /* ViewController.swift */; };
		9F32FBB1203D65FB0059D20E /* Main.storyboard in Resources */ = {isa = PBXBuildFile; fileRef = 9F32FBAF203D65FB0059D20E /* Main.storyboard */; };
		9F32FBB3203D65FB0059D20E /* Assets.xcassets in Resources */ = {isa = PBXBuildFile; fileRef = 9F32FBB2203D65FB0059D20E /* Assets.xcassets */; };
		9F32FBB6203D65FB0059D20E /* LaunchScreen.storyboard in Resources */ = {isa = PBXBuildFile; fileRef = 9F32FBB4203D65FB0059D20E /* LaunchScreen.storyboard */; };
		9F32FBC5203D908C0059D20E /* Orion360_SDK_Basic_iOS_Trial_finwe.OrionImageViewer.lic in Resources */ = {isa = PBXBuildFile; fileRef = 9F32FBC4203D908C0059D20E /* Orion360_SDK_Basic_iOS_Trial_finwe.OrionImageViewer.lic */; };
		A80EB605C2FEB934BA9F78B4 /* Pods_OrionImageViewer.framework in Frameworks */ = {isa = PBXBuildFile; fileRef = 34937FC484F85FE988DCEE74 /* Pods_OrionImageViewer.framework */; };
/* End PBXBuildFile section */

/* Begin PBXFileReference section */
		34937FC484F85FE988DCEE74 /* Pods_OrionImageViewer.framework */ = {isa = PBXFileReference; explicitFileType = wrapper.framework; includeInIndex = 0; path = Pods_OrionImageViewer.framework; sourceTree = BUILT_PRODUCTS_DIR; };
		89B1F79199587261F87A4EFF /* Pods-OrionImageViewer.release.xcconfig */ = {isa = PBXFileReference; includeInIndex = 1; lastKnownFileType = text.xcconfig; name = "Pods-OrionImageViewer.release.xcconfig"; path = "Pods/Target Support Files/Pods-OrionImageViewer/Pods-OrionImageViewer.release.xcconfig"; sourceTree = "<group>"; };
		9271A96DE5D09BF352C8B41D /* Pods-OrionImageViewer.debug.xcconfig */ = {isa = PBXFileReference; includeInIndex = 1; lastKnownFileType = text.xcconfig; name = "Pods-OrionImageViewer.debug.xcconfig"; path = "Pods/Target Support Files/Pods-OrionImageViewer/Pods-OrionImageViewer.debug.xcconfig"; sourceTree = "<group>"; };
		9F1D1C242046C4CE00EE9AEE /* OrionImageViewer-Bridging-Header.h */ = {isa = PBXFileReference; lastKnownFileType = sourcecode.c.h; path = "OrionImageViewer-Bridging-Header.h"; sourceTree = "<group>"; };
		9F1D1C252046C4CF00EE9AEE /* OrionImageViewer.m */ = {isa = PBXFileReference; lastKnownFileType = sourcecode.c.objc; path = OrionImageViewer.m; sourceTree = "<group>"; };
		9F32FBA8203D65FB0059D20E /* OrionImageViewer.app */ = {isa = PBXFileReference; explicitFileType = wrapper.application; includeInIndex = 0; path = OrionImageViewer.app; sourceTree = BUILT_PRODUCTS_DIR; };
		9F32FBAB203D65FB0059D20E /* AppDelegate.swift */ = {isa = PBXFileReference; lastKnownFileType = sourcecode.swift; path = AppDelegate.swift; sourceTree = "<group>"; };
		9F32FBAD203D65FB0059D20E /* ViewController.swift */ = {isa = PBXFileReference; lastKnownFileType = sourcecode.swift; path = ViewController.swift; sourceTree = "<group>"; };
		9F32FBB0203D65FB0059D20E /* Base */ = {isa = PBXFileReference; lastKnownFileType = file.storyboard; name = Base; path = Base.lproj/Main.storyboard; sourceTree = "<group>"; };
		9F32FBB2203D65FB0059D20E /* Assets.xcassets */ = {isa = PBXFileReference; lastKnownFileType = folder.assetcatalog; path = Assets.xcassets; sourceTree = "<group>"; };
		9F32FBB5203D65FB0059D20E /* Base */ = {isa = PBXFileReference; lastKnownFileType = file.storyboard; name = Base; path = Base.lproj/LaunchScreen.storyboard; sourceTree = "<group>"; };
		9F32FBB7203D65FB0059D20E /* Info.plist */ = {isa = PBXFileReference; lastKnownFileType = text.plist.xml; path = Info.plist; sourceTree = "<group>"; };
		9F32FBC4203D908C0059D20E /* Orion360_SDK_Basic_iOS_Trial_finwe.OrionImageViewer.lic */ = {isa = PBXFileReference; fileEncoding = 4; lastKnownFileType = text; path = Orion360_SDK_Basic_iOS_Trial_finwe.OrionImageViewer.lic; sourceTree = "<group>"; };
/* End PBXFileReference section */

/* Begin PBXFrameworksBuildPhase section */
		9F32FBA5203D65FB0059D20E /* Frameworks */ = {
			isa = PBXFrameworksBuildPhase;
			buildActionMask = 2147483647;
			files = (
				A80EB605C2FEB934BA9F78B4 /* Pods_OrionImageViewer.framework in Frameworks */,
			);
			runOnlyForDeploymentPostprocessing = 0;
		};
/* End PBXFrameworksBuildPhase section */

/* Begin PBXGroup section */
		03A9BC735CA1212A9B47A905 /* Frameworks */ = {
			isa = PBXGroup;
			children = (
				34937FC484F85FE988DCEE74 /* Pods_OrionImageViewer.framework */,
			);
			name = Frameworks;
			sourceTree = "<group>";
		};
		7BC720EDF0343D9D13846A3C /* Pods */ = {
			isa = PBXGroup;
			children = (
				9271A96DE5D09BF352C8B41D /* Pods-OrionImageViewer.debug.xcconfig */,
				89B1F79199587261F87A4EFF /* Pods-OrionImageViewer.release.xcconfig */,
			);
			name = Pods;
			sourceTree = "<group>";
		};
		9F32FB9F203D65FB0059D20E = {
			isa = PBXGroup;
			children = (
				9F32FBAA203D65FB0059D20E /* OrionImageViewer */,
				9F32FBA9203D65FB0059D20E /* Products */,
				7BC720EDF0343D9D13846A3C /* Pods */,
				03A9BC735CA1212A9B47A905 /* Frameworks */,
			);
			sourceTree = "<group>";
		};
		9F32FBA9203D65FB0059D20E /* Products */ = {
			isa = PBXGroup;
			children = (
				9F32FBA8203D65FB0059D20E /* OrionImageViewer.app */,
			);
			name = Products;
			sourceTree = "<group>";
		};
		9F32FBAA203D65FB0059D20E /* OrionImageViewer */ = {
			isa = PBXGroup;
			children = (
				9FAD91C72043EA1D00A80940 /* Resources */,
				9F32FBAB203D65FB0059D20E /* AppDelegate.swift */,
				9F32FBAD203D65FB0059D20E /* ViewController.swift */,
				9F32FBAF203D65FB0059D20E /* Main.storyboard */,
				9F32FBB2203D65FB0059D20E /* Assets.xcassets */,
				9F32FBB4203D65FB0059D20E /* LaunchScreen.storyboard */,
				9F32FBB7203D65FB0059D20E /* Info.plist */,
				9F1D1C252046C4CF00EE9AEE /* OrionImageViewer.m */,
				9F1D1C242046C4CE00EE9AEE /* OrionImageViewer-Bridging-Header.h */,
			);
			path = OrionImageViewer;
			sourceTree = "<group>";
		};
		9FAD91C72043EA1D00A80940 /* Resources */ = {
			isa = PBXGroup;
			children = (
				9F32FBC4203D908C0059D20E /* Orion360_SDK_Basic_iOS_Trial_finwe.OrionImageViewer.lic */,
			);
			path = Resources;
			sourceTree = "<group>";
		};
/* End PBXGroup section */

/* Begin PBXNativeTarget section */
		9F32FBA7203D65FB0059D20E /* OrionImageViewer */ = {
			isa = PBXNativeTarget;
			buildConfigurationList = 9F32FBBA203D65FB0059D20E /* Build configuration list for PBXNativeTarget "OrionImageViewer" */;
			buildPhases = (
				A58AEA180B514862DB54CDC0 /* [CP] Check Pods Manifest.lock */,
				9F32FBA4203D65FB0059D20E /* Sources */,
				9F32FBA5203D65FB0059D20E /* Frameworks */,
				9F32FBA6203D65FB0059D20E /* Resources */,
				3D88C2EBEA5AEC809FBBA0FA /* [CP] Embed Pods Frameworks */,
				17BF191F567020A55D696176 /* [CP] Copy Pods Resources */,
			);
			buildRules = (
			);
			dependencies = (
			);
			name = OrionImageViewer;
			productName = OrionImageViewer;
			productReference = 9F32FBA8203D65FB0059D20E /* OrionImageViewer.app */;
			productType = "com.apple.product-type.application";
		};
/* End PBXNativeTarget section */

/* Begin PBXProject section */
		9F32FBA0203D65FB0059D20E /* Project object */ = {
			isa = PBXProject;
			attributes = {
				LastSwiftUpdateCheck = 0920;
				LastUpgradeCheck = 0920;
				ORGANIZATIONNAME = "Tewodros Mengesha";
				TargetAttributes = {
					9F32FBA7203D65FB0059D20E = {
						CreatedOnToolsVersion = 9.2;
						LastSwiftMigration = 0920;
						ProvisioningStyle = Automatic;
					};
				};
			};
			buildConfigurationList = 9F32FBA3203D65FB0059D20E /* Build configuration list for PBXProject "OrionImageViewer" */;
			compatibilityVersion = "Xcode 8.0";
			developmentRegion = en;
			hasScannedForEncodings = 0;
			knownRegions = (
				en,
				Base,
			);
			mainGroup = 9F32FB9F203D65FB0059D20E;
			productRefGroup = 9F32FBA9203D65FB0059D20E /* Products */;
			projectDirPath = "";
			projectRoot = "";
			targets = (
				9F32FBA7203D65FB0059D20E /* OrionImageViewer */,
			);
		};
/* End PBXProject section */

/* Begin PBXResourcesBuildPhase section */
		9F32FBA6203D65FB0059D20E /* Resources */ = {
			isa = PBXResourcesBuildPhase;
			buildActionMask = 2147483647;
			files = (
				9F32FBB6203D65FB0059D20E /* LaunchScreen.storyboard in Resources */,
				9F32FBB3203D65FB0059D20E /* Assets.xcassets in Resources */,
				9F32FBC5203D908C0059D20E /* Orion360_SDK_Basic_iOS_Trial_finwe.OrionImageViewer.lic in Resources */,
				9F32FBB1203D65FB0059D20E /* Main.storyboard in Resources */,
			);
			runOnlyForDeploymentPostprocessing = 0;
		};
/* End PBXResourcesBuildPhase section */

/* Begin PBXShellScriptBuildPhase section */
		17BF191F567020A55D696176 /* [CP] Copy Pods Resources */ = {
			isa = PBXShellScriptBuildPhase;
			buildActionMask = 2147483647;
			files = (
			);
			inputPaths = (
			);
			name = "[CP] Copy Pods Resources";
			outputPaths = (
			);
			runOnlyForDeploymentPostprocessing = 0;
			shellPath = /bin/sh;
			shellScript = "\"${SRCROOT}/Pods/Target Support Files/Pods-OrionImageViewer/Pods-OrionImageViewer-resources.sh\"\n";
			showEnvVarsInLog = 0;
		};
		3D88C2EBEA5AEC809FBBA0FA /* [CP] Embed Pods Frameworks */ = {
			isa = PBXShellScriptBuildPhase;
			buildActionMask = 2147483647;
			files = (
			);
			inputPaths = (
			);
			name = "[CP] Embed Pods Frameworks";
			outputPaths = (
			);
			runOnlyForDeploymentPostprocessing = 0;
			shellPath = /bin/sh;
			shellScript = "\"${SRCROOT}/Pods/Target Support Files/Pods-OrionImageViewer/Pods-OrionImageViewer-frameworks.sh\"\n";
			showEnvVarsInLog = 0;
		};
		A58AEA180B514862DB54CDC0 /* [CP] Check Pods Manifest.lock */ = {
			isa = PBXShellScriptBuildPhase;
			buildActionMask = 2147483647;
			files = (
			);
			inputPaths = (
				"${PODS_PODFILE_DIR_PATH}/Podfile.lock",
				"${PODS_ROOT}/Manifest.lock",
			);
			name = "[CP] Check Pods Manifest.lock";
			outputPaths = (
				"$(DERIVED_FILE_DIR)/Pods-OrionImageViewer-checkManifestLockResult.txt",
			);
			runOnlyForDeploymentPostprocessing = 0;
			shellPath = /bin/sh;
			shellScript = "diff \"${PODS_PODFILE_DIR_PATH}/Podfile.lock\" \"${PODS_ROOT}/Manifest.lock\" > /dev/null\nif [ $? != 0 ] ; then\n    # print error to STDERR\n    echo \"error: The sandbox is not in sync with the Podfile.lock. Run 'pod install' or update your CocoaPods installation.\" >&2\n    exit 1\nfi\n# This output is used by Xcode 'outputs' to avoid re-running this script phase.\necho \"SUCCESS\" > \"${SCRIPT_OUTPUT_FILE_0}\"\n";
			showEnvVarsInLog = 0;
		};
/* End PBXShellScriptBuildPhase section */

/* Begin PBXSourcesBuildPhase section */
		9F32FBA4203D65FB0059D20E /* Sources */ = {
			isa = PBXSourcesBuildPhase;
			buildActionMask = 2147483647;
			files = (
				9F1D1C262046C4CF00EE9AEE /* OrionImageViewer.m in Sources */,
				9F32FBAE203D65FB0059D20E /* ViewController.swift in Sources */,
				9F32FBAC203D65FB0059D20E /* AppDelegate.swift in Sources */,
			);
			runOnlyForDeploymentPostprocessing = 0;
		};
/* End PBXSourcesBuildPhase section */

/* Begin PBXVariantGroup section */
		9F32FBAF203D65FB0059D20E /* Main.storyboard */ = {
			isa = PBXVariantGroup;
			children = (
				9F32FBB0203D65FB0059D20E /* Base */,
			);
			name = Main.storyboard;
			sourceTree = "<group>";
		};
		9F32FBB4203D65FB0059D20E /* LaunchScreen.storyboard */ = {
			isa = PBXVariantGroup;
			children = (
				9F32FBB5203D65FB0059D20E /* Base */,
			);
			name = LaunchScreen.storyboard;
			sourceTree = "<group>";
		};
/* End PBXVariantGroup section */

/* Begin XCBuildConfiguration section */
		9F32FBB8203D65FB0059D20E /* Debug */ = {
			isa = XCBuildConfiguration;
			buildSettings = {
				ALWAYS_SEARCH_USER_PATHS = NO;
				CLANG_ANALYZER_NONNULL = YES;
				CLANG_ANALYZER_NUMBER_OBJECT_CONVERSION = YES_AGGRESSIVE;
				CLANG_CXX_LANGUAGE_STANDARD = "gnu++14";
				CLANG_CXX_LIBRARY = "libc++";
				CLANG_ENABLE_MODULES = YES;
				CLANG_ENABLE_OBJC_ARC = YES;
				CLANG_WARN_BLOCK_CAPTURE_AUTORELEASING = YES;
				CLANG_WARN_BOOL_CONVERSION = YES;
				CLANG_WARN_COMMA = YES;
				CLANG_WARN_CONSTANT_CONVERSION = YES;
				CLANG_WARN_DIRECT_OBJC_ISA_USAGE = YES_ERROR;
				CLANG_WARN_DOCUMENTATION_COMMENTS = YES;
				CLANG_WARN_EMPTY_BODY = YES;
				CLANG_WARN_ENUM_CONVERSION = YES;
				CLANG_WARN_INFINITE_RECURSION = YES;
				CLANG_WARN_INT_CONVERSION = YES;
				CLANG_WARN_NON_LITERAL_NULL_CONVERSION = YES;
				CLANG_WARN_OBJC_LITERAL_CONVERSION = YES;
				CLANG_WARN_OBJC_ROOT_CLASS = YES_ERROR;
				CLANG_WARN_RANGE_LOOP_ANALYSIS = YES;
				CLANG_WARN_STRICT_PROTOTYPES = YES;
				CLANG_WARN_SUSPICIOUS_MOVE = YES;
				CLANG_WARN_UNGUARDED_AVAILABILITY = YES_AGGRESSIVE;
				CLANG_WARN_UNREACHABLE_CODE = YES;
				CLANG_WARN__DUPLICATE_METHOD_MATCH = YES;
				CODE_SIGN_IDENTITY = "iPhone Developer";
				COPY_PHASE_STRIP = NO;
				DEBUG_INFORMATION_FORMAT = dwarf;
				ENABLE_STRICT_OBJC_MSGSEND = YES;
				ENABLE_TESTABILITY = YES;
				GCC_C_LANGUAGE_STANDARD = gnu11;
				GCC_DYNAMIC_NO_PIC = NO;
				GCC_NO_COMMON_BLOCKS = YES;
				GCC_OPTIMIZATION_LEVEL = 0;
				GCC_PREPROCESSOR_DEFINITIONS = (
					"DEBUG=1",
					"$(inherited)",
				);
				GCC_WARN_64_TO_32_BIT_CONVERSION = YES;
				GCC_WARN_ABOUT_RETURN_TYPE = YES_ERROR;
				GCC_WARN_UNDECLARED_SELECTOR = YES;
				GCC_WARN_UNINITIALIZED_AUTOS = YES_AGGRESSIVE;
				GCC_WARN_UNUSED_FUNCTION = YES;
				GCC_WARN_UNUSED_VARIABLE = YES;
				IPHONEOS_DEPLOYMENT_TARGET = 11.2;
				MTL_ENABLE_DEBUG_INFO = YES;
				ONLY_ACTIVE_ARCH = YES;
				SDKROOT = iphoneos;
				SWIFT_ACTIVE_COMPILATION_CONDITIONS = DEBUG;
				SWIFT_OPTIMIZATION_LEVEL = "-Onone";
			};
			name = Debug;
		};
		9F32FBB9203D65FB0059D20E /* Release */ = {
			isa = XCBuildConfiguration;
			buildSettings = {
				ALWAYS_SEARCH_USER_PATHS = NO;
				CLANG_ANALYZER_NONNULL = YES;
				CLANG_ANALYZER_NUMBER_OBJECT_CONVERSION = YES_AGGRESSIVE;
				CLANG_CXX_LANGUAGE_STANDARD = "gnu++14";
				CLANG_CXX_LIBRARY = "libc++";
				CLANG_ENABLE_MODULES = YES;
				CLANG_ENABLE_OBJC_ARC = YES;
				CLANG_WARN_BLOCK_CAPTURE_AUTORELEASING = YES;
				CLANG_WARN_BOOL_CONVERSION = YES;
				CLANG_WARN_COMMA = YES;
				CLANG_WARN_CONSTANT_CONVERSION = YES;
				CLANG_WARN_DIRECT_OBJC_ISA_USAGE = YES_ERROR;
				CLANG_WARN_DOCUMENTATION_COMMENTS = YES;
				CLANG_WARN_EMPTY_BODY = YES;
				CLANG_WARN_ENUM_CONVERSION = YES;
				CLANG_WARN_INFINITE_RECURSION = YES;
				CLANG_WARN_INT_CONVERSION = YES;
				CLANG_WARN_NON_LITERAL_NULL_CONVERSION = YES;
				CLANG_WARN_OBJC_LITERAL_CONVERSION = YES;
				CLANG_WARN_OBJC_ROOT_CLASS = YES_ERROR;
				CLANG_WARN_RANGE_LOOP_ANALYSIS = YES;
				CLANG_WARN_STRICT_PROTOTYPES = YES;
				CLANG_WARN_SUSPICIOUS_MOVE = YES;
				CLANG_WARN_UNGUARDED_AVAILABILITY = YES_AGGRESSIVE;
				CLANG_WARN_UNREACHABLE_CODE = YES;
				CLANG_WARN__DUPLICATE_METHOD_MATCH = YES;
				CODE_SIGN_IDENTITY = "iPhone Developer";
				COPY_PHASE_STRIP = NO;
				DEBUG_INFORMATION_FORMAT = "dwarf-with-dsym";
				ENABLE_NS_ASSERTIONS = NO;
				ENABLE_STRICT_OBJC_MSGSEND = YES;
				GCC_C_LANGUAGE_STANDARD = gnu11;
				GCC_NO_COMMON_BLOCKS = YES;
				GCC_WARN_64_TO_32_BIT_CONVERSION = YES;
				GCC_WARN_ABOUT_RETURN_TYPE = YES_ERROR;
				GCC_WARN_UNDECLARED_SELECTOR = YES;
				GCC_WARN_UNINITIALIZED_AUTOS = YES_AGGRESSIVE;
				GCC_WARN_UNUSED_FUNCTION = YES;
				GCC_WARN_UNUSED_VARIABLE = YES;
				IPHONEOS_DEPLOYMENT_TARGET = 11.2;
				MTL_ENABLE_DEBUG_INFO = NO;
				SDKROOT = iphoneos;
				SWIFT_OPTIMIZATION_LEVEL = "-Owholemodule";
				VALIDATE_PRODUCT = YES;
			};
			name = Release;
		};
		9F32FBBB203D65FB0059D20E /* Debug */ = {
			isa = XCBuildConfiguration;
			baseConfigurationReference = 9271A96DE5D09BF352C8B41D /* Pods-OrionImageViewer.debug.xcconfig */;
			buildSettings = {
				ASSETCATALOG_COMPILER_APPICON_NAME = AppIcon;
				ASSETCATALOG_COMPILER_LAUNCHIMAGE_NAME = LaunchImage;
				CLANG_ENABLE_MODULES = YES;
				CODE_SIGN_STYLE = Automatic;
				DEVELOPMENT_TEAM = 7AF2QG5R62;
				INFOPLIST_FILE = OrionImageViewer/Info.plist;
				LD_RUNPATH_SEARCH_PATHS = "$(inherited) @executable_path/Frameworks";
				PRODUCT_BUNDLE_IDENTIFIER = finwe.OrionImageViewer;
				PRODUCT_NAME = "$(TARGET_NAME)";
				SWIFT_OBJC_BRIDGING_HEADER = "OrionImageViewer/OrionImageViewer-Bridging-Header.h";
				SWIFT_OPTIMIZATION_LEVEL = "-Onone";
				SWIFT_VERSION = 4.0;
				TARGETED_DEVICE_FAMILY = "1,2";
			};
			name = Debug;
		};
		9F32FBBC203D65FB0059D20E /* Release */ = {
			isa = XCBuildConfiguration;
			baseConfigurationReference = 89B1F79199587261F87A4EFF /* Pods-OrionImageViewer.release.xcconfig */;
			buildSettings = {
				ASSETCATALOG_COMPILER_APPICON_NAME = AppIcon;
				ASSETCATALOG_COMPILER_LAUNCHIMAGE_NAME = LaunchImage;
				CLANG_ENABLE_MODULES = YES;
				CODE_SIGN_STYLE = Automatic;
				DEVELOPMENT_TEAM = 7AF2QG5R62;
				INFOPLIST_FILE = OrionImageViewer/Info.plist;
				LD_RUNPATH_SEARCH_PATHS = "$(inherited) @executable_path/Frameworks";
				PRODUCT_BUNDLE_IDENTIFIER = finwe.OrionImageViewer;
				PRODUCT_NAME = "$(TARGET_NAME)";
				SWIFT_OBJC_BRIDGING_HEADER = "OrionImageViewer/OrionImageViewer-Bridging-Header.h";
				SWIFT_VERSION = 4.0;
				TARGETED_DEVICE_FAMILY = "1,2";
			};
			name = Release;
		};
/* End XCBuildConfiguration section */

/* Begin XCConfigurationList section */
		9F32FBA3203D65FB0059D20E /* Build configuration list for PBXProject "OrionImageViewer" */ = {
			isa = XCConfigurationList;
			buildConfigurations = (
				9F32FBB8203D65FB0059D20E /* Debug */,
				9F32FBB9203D65FB0059D20E /* Release */,
			);
			defaultConfigurationIsVisible = 0;
			defaultConfigurationName = Release;
		};
		9F32FBBA203D65FB0059D20E /* Build configuration list for PBXNativeTarget "OrionImageViewer" */ = {
			isa = XCConfigurationList;
			buildConfigurations = (
				9F32FBBB203D65FB0059D20E /* Debug */,
				9F32FBBC203D65FB0059D20E /* Release */,
			);
			defaultConfigurationIsVisible = 0;
			defaultConfigurationName = Release;
		};
/* End XCConfigurationList section */
	};
	rootObject = 9F32FBA0203D65FB0059D20E /* Project object */;
}
